
Microsoft Visual Studio Solution File, Format Version 12.00
# Visual Studio Version 16
VisualStudioVersion = 16.0.30611.23
MinimumVisualStudioVersion = 10.0.40219.1
Project("{9A19103F-16F7-4668-BE54-9A1E7A4F7556}") = "TakeGithubAPI", "src\TakeGithubAPI.csproj", "{1EB8DCF6-FF8B-49B7-BD00-6A2841F3E8E4}"
EndProject
Project("{FAE04EC0-301F-11D3-BF4B-00C04F79EFBC}") = "TakeGithubAPITest", "test\XUnitTestProject1\TakeGithubAPITest.csproj", "{51B28CC1-AD16-4359-AB07-54BBF483D4C9}"
EndProject
Global
	GlobalSection(SolutionConfigurationPlatforms) = preSolution
		Debug|Any CPU = Debug|Any CPU
		Release|Any CPU = Release|Any CPU
	EndGlobalSection
	GlobalSection(ProjectConfigurationPlatforms) = postSolution
		{1EB8DCF6-FF8B-49B7-BD00-6A2841F3E8E4}.Debug|Any CPU.ActiveCfg = Debug|Any CPU
		{1EB8DCF6-FF8B-49B7-BD00-6A2841F3E8E4}.Debug|Any CPU.Build.0 = Debug|Any CPU
		{1EB8DCF6-FF8B-49B7-BD00-6A2841F3E8E4}.Release|Any CPU.ActiveCfg = Release|Any CPU
		{1EB8DCF6-FF8B-49B7-BD00-6A2841F3E8E4}.Release|Any CPU.Build.0 = Release|Any CPU
		{51B28CC1-AD16-4359-AB07-54BBF483D4C9}.Debug|Any CPU.ActiveCfg = Debug|Any CPU
		{51B28CC1-AD16-4359-AB07-54BBF483D4C9}.Debug|Any CPU.Build.0 = Debug|Any CPU
		{51B28CC1-AD16-4359-AB07-54BBF483D4C9}.Release|Any CPU.ActiveCfg = Release|Any CPU
		{51B28CC1-AD16-4359-AB07-54BBF483D4C9}.Release|Any CPU.Build.0 = Release|Any CPU
	EndGlobalSection
	GlobalSection(SolutionProperties) = preSolution
		HideSolutionNode = FALSE
	EndGlobalSection
	GlobalSection(ExtensibilityGlobals) = postSolution
		SolutionGuid = {FFF5F769-4969-49FB-A20C-30546AC5F34E}
	EndGlobalSection
EndGlobal
